{
  "name": "moving-camera",
  "version": "1.0.0",
  "lockfileVersion": 1,
  "requires": true,
  "dependencies": {
    "apl-substrate": {
      "version": "1.1.0",
      "resolved": "https://registry.npmjs.org/apl-substrate/-/apl-substrate-1.1.0.tgz",
      "integrity": "sha512-S4+f+eSwtRsgw162RgUV1T47Db1DrsUBOb0jb/uEW1Jcl+f0wlrc0iYGSZNOgR17TrHd1/6T+lg7qhV5c+knHA==",
      "requires": {
        "three": "^0.95.0"
      }
    },
    "three": {
      "version": "0.95.0",
      "resolved": "https://registry.npmjs.org/three/-/three-0.95.0.tgz",
      "integrity": "sha512-vy6jMYs7CDwn47CejYHNi+++OdQue7xGIBhbLfekQ/G6MDxKRm0QB0/xWScz46/JvQAvF6pJAS5Q907l0i5iQA=="
    }
  }
}
